
Microsoft Visual Studio Solution File, Format Version 12.00
# Visual Studio Version 17
VisualStudioVersion = 17.14.36623.8
MinimumVisualStudioVersion = 10.0.40219.1
Project("{8BC9CEB8-8B4A-11D0-8D11-00A0C91BC942}") = "Node-Weft-Example", "Node-Weft-Example.vcxproj", "{1EB5F069-542E-408B-A1A7-A4EB866BD6C4}"
EndProject
Project("{8BC9CEB8-8B4A-11D0-8D11-00A0C91BC942}") = "Node-Weft", "Node-Weft\Node-Weft.vcxproj", "{D4EECFD8-DEE9-444B-A8D3-156ED4EABF70}"
EndProject
Global
	GlobalSection(SolutionConfigurationPlatforms) = preSolution
		Debug|x64 = Debug|x64
		Debug|x86 = Debug|x86
		Release|x64 = Release|x64
		Release|x86 = Release|x86
	EndGlobalSection
	GlobalSection(ProjectConfigurationPlatforms) = postSolution
		{1EB5F069-542E-408B-A1A7-A4EB866BD6C4}.Debug|x64.ActiveCfg = Debug|x64
		{1EB5F069-542E-408B-A1A7-A4EB866BD6C4}.Debug|x64.Build.0 = Debug|x64
		{1EB5F069-542E-408B-A1A7-A4EB866BD6C4}.Debug|x86.ActiveCfg = Debug|Win32
		{1EB5F069-542E-408B-A1A7-A4EB866BD6C4}.Debug|x86.Build.0 = Debug|Win32
		{1EB5F069-542E-408B-A1A7-A4EB866BD6C4}.Release|x64.ActiveCfg = Release|x64
		{1EB5F069-542E-408B-A1A7-A4EB866BD6C4}.Release|x64.Build.0 = Release|x64
		{1EB5F069-542E-408B-A1A7-A4EB866BD6C4}.Release|x86.ActiveCfg = Release|Win32
		{1EB5F069-542E-408B-A1A7-A4EB866BD6C4}.Release|x86.Build.0 = Release|Win32
		{D4EECFD8-DEE9-444B-A8D3-156ED4EABF70}.Debug|x64.ActiveCfg = Debug|x64
		{D4EECFD8-DEE9-444B-A8D3-156ED4EABF70}.Debug|x64.Build.0 = Debug|x64
		{D4EECFD8-DEE9-444B-A8D3-156ED4EABF70}.Debug|x86.ActiveCfg = Debug|Win32
		{D4EECFD8-DEE9-444B-A8D3-156ED4EABF70}.Debug|x86.Build.0 = Debug|Win32
		{D4EECFD8-DEE9-444B-A8D3-156ED4EABF70}.Release|x64.ActiveCfg = Release|x64
		{D4EECFD8-DEE9-444B-A8D3-156ED4EABF70}.Release|x64.Build.0 = Release|x64
		{D4EECFD8-DEE9-444B-A8D3-156ED4EABF70}.Release|x86.ActiveCfg = Release|Win32
		{D4EECFD8-DEE9-444B-A8D3-156ED4EABF70}.Release|x86.Build.0 = Release|Win32
	EndGlobalSection
	GlobalSection(SolutionProperties) = preSolution
		HideSolutionNode = FALSE
	EndGlobalSection
	GlobalSection(ExtensibilityGlobals) = postSolution
		SolutionGuid = {C5B09E94-1EE6-4253-857E-92F02B9333A0}
	EndGlobalSection
EndGlobal
